
Microsoft Visual Studio Solution File, Format Version 12.00
# Visual Studio Version 17
VisualStudioVersion = 17.4.33110.190
MinimumVisualStudioVersion = 10.0.40219.1
Project("{FAE04EC0-301F-11D3-BF4B-00C04F79EFBC}") = "ContainsDuplicates", "ContainsDuplicates\ContainsDuplicates.csproj", "{E929A27E-E1C9-4C21-95E7-C559151CECDE}"
EndProject
Global
	GlobalSection(SolutionConfigurationPlatforms) = preSolution
		Debug|Any CPU = Debug|Any CPU
		Release|Any CPU = Release|Any CPU
	EndGlobalSection
	GlobalSection(ProjectConfigurationPlatforms) = postSolution
		{E929A27E-E1C9-4C21-95E7-C559151CECDE}.Debug|Any CPU.ActiveCfg = Debug|Any CPU
		{E929A27E-E1C9-4C21-95E7-C559151CECDE}.Debug|Any CPU.Build.0 = Debug|Any CPU
		{E929A27E-E1C9-4C21-95E7-C559151CECDE}.Release|Any CPU.ActiveCfg = Release|Any CPU
		{E929A27E-E1C9-4C21-95E7-C559151CECDE}.Release|Any CPU.Build.0 = Release|Any CPU
	EndGlobalSection
	GlobalSection(SolutionProperties) = preSolution
		HideSolutionNode = FALSE
	EndGlobalSection
	GlobalSection(ExtensibilityGlobals) = postSolution
		SolutionGuid = {FFC8C9E2-B97C-42B8-9E17-87FCC4D24533}
	EndGlobalSection
EndGlobal
